
Microsoft Visual Studio Solution File, Format Version 12.00
# Visual Studio Version 16
VisualStudioVersion = 16.0.31025.194
MinimumVisualStudioVersion = 10.0.40219.1
Project("{FAE04EC0-301F-11D3-BF4B-00C04F79EFBC}") = "ExercicioLivro", "ExercicioLivro.csproj", "{2A4246C0-A92B-41FC-B275-39C8573ECC05}"
EndProject
Global
	GlobalSection(SolutionConfigurationPlatforms) = preSolution
		Debug|Any CPU = Debug|Any CPU
		Release|Any CPU = Release|Any CPU
	EndGlobalSection
	GlobalSection(ProjectConfigurationPlatforms) = postSolution
		{2A4246C0-A92B-41FC-B275-39C8573ECC05}.Debug|Any CPU.ActiveCfg = Debug|Any CPU
		{2A4246C0-A92B-41FC-B275-39C8573ECC05}.Debug|Any CPU.Build.0 = Debug|Any CPU
		{2A4246C0-A92B-41FC-B275-39C8573ECC05}.Release|Any CPU.ActiveCfg = Release|Any CPU
		{2A4246C0-A92B-41FC-B275-39C8573ECC05}.Release|Any CPU.Build.0 = Release|Any CPU
	EndGlobalSection
	GlobalSection(SolutionProperties) = preSolution
		HideSolutionNode = FALSE
	EndGlobalSection
	GlobalSection(ExtensibilityGlobals) = postSolution
		SolutionGuid = {E1A0474E-CF10-4CCF-97FE-BF028F6A7DBD}
	EndGlobalSection
EndGlobal
